# THIS IS AN AUTOGENERATED FILE. DO NOT EDIT THIS FILE DIRECTLY.
# yarn lockfile v1


typescript@^4.6.0-beta:
  version "4.6.0-beta"
  resolved "https://registry.yarnpkg.com/typescript/-/typescript-4.6.0-beta.tgz#274a93fbde92a2c3a5507bbb5f70cb199cbadf40"
  integrity sha512-xg5avH08DioTdxex568HFLHvnHWxGzpu9FK0ehLNwlqzx/kjy5/qEkBmkbPlvC9xs45bc7gbAbEhNqtczJsHAg==
